{
  "name": "antsystems",
  "lockfileVersion": 3,
  "requires": true,
  "packages": {
    "": {
      "dependencies": {
        "@generic-ui/fabric": "^0.21.0",
        "@generic-ui/hermes": "^0.21.0",
        "@generic-ui/ngx-grid": "^0.21.0"
      }
    },
    "node_modules/@generic-ui/fabric": {
      "version": "0.21.0",
      "resolved": "https://registry.npmjs.org/@generic-ui/fabric/-/fabric-0.21.0.tgz",
      "integrity": "sha512-h9Hk4KkU+uYQScqIok2CN18i25I3lrWyHnR9H6oFwRMKm8DnXG5z96mGwPKYsB7Z7NbpSnbecvJP+4jQqgbjQg==",
      "dependencies": {
        "tslib": "^2.3.0"
      },
      "peerDependencies": {
        "@angular/common": "^17.0.0",
        "@angular/core": "^17.0.0"
      }
    },
    "node_modules/@generic-ui/hermes": {
      "version": "0.21.0",
      "resolved": "https://registry.npmjs.org/@generic-ui/hermes/-/hermes-0.21.0.tgz",
      "integrity": "sha512-ehKYSpJKNMN/gMZgWASul0+MbNOYD3uUlwRN4bedADD+itFVNwb2ByPd+baIVUGIqiCnro60zgg5YzhR4Ieu1w==",
      "dependencies": {
        "tslib": "^2.3.0"
      },
      "peerDependencies": {
        "@angular/common": "^17.0.0",
        "@angular/core": "^17.0.0",
        "rxjs": "~7.8.0"
      }
    },
    "node_modules/@generic-ui/ngx-grid": {
      "version": "0.21.0",
      "resolved": "https://registry.npmjs.org/@generic-ui/ngx-grid/-/ngx-grid-0.21.0.tgz",
      "integrity": "sha512-tSMHul8/kqZw5jCK8M3XdZvwQn5GlUyiWCiNGsE8tOzdvdRP0Hu4zpWMCB7DqEXkp10XQgCiHmf6GYMdQ11+HQ==",
      "dependencies": {
        "tslib": "^2.3.0"
      },
      "peerDependencies": {
        "@angular/common": "^17.0.0",
        "@angular/core": "^17.0.0",
        "@angular/forms": "^17.0.0",
        "@angular/platform-browser": "^17.0.0",
        "@generic-ui/fabric": "0.21.0",
        "@generic-ui/hermes": "0.21.0",
        "rxjs": "~7.8.0"
      }
    },
    "node_modules/tslib": {
      "version": "2.6.2",
      "resolved": "https://registry.npmjs.org/tslib/-/tslib-2.6.2.tgz",
      "integrity": "sha512-AEYxH93jGFPn/a2iVAwW87VuUIkR1FVUKB77NwMF7nBTDkDrrT/Hpt/IrCJ0QXhW27jTBDcf5ZY7w6RiqTMw2Q=="
    }
  }
}
